
Microsoft Visual Studio Solution File, Format Version 12.00
# Visual Studio Version 17
VisualStudioVersion = 17.4.33122.133
MinimumVisualStudioVersion = 10.0.40219.1
Project("{FAE04EC0-301F-11D3-BF4B-00C04F79EFBC}") = "tp4 .net", "tp4 .net\tp4 .net.csproj", "{FE2547C2-EFC2-4F2C-A16A-CACE75C2A496}"
EndProject
Global
	GlobalSection(SolutionConfigurationPlatforms) = preSolution
		Debug|Any CPU = Debug|Any CPU
		Release|Any CPU = Release|Any CPU
	EndGlobalSection
	GlobalSection(ProjectConfigurationPlatforms) = postSolution
		{FE2547C2-EFC2-4F2C-A16A-CACE75C2A496}.Debug|Any CPU.ActiveCfg = Debug|Any CPU
		{FE2547C2-EFC2-4F2C-A16A-CACE75C2A496}.Debug|Any CPU.Build.0 = Debug|Any CPU
		{FE2547C2-EFC2-4F2C-A16A-CACE75C2A496}.Release|Any CPU.ActiveCfg = Release|Any CPU
		{FE2547C2-EFC2-4F2C-A16A-CACE75C2A496}.Release|Any CPU.Build.0 = Release|Any CPU
	EndGlobalSection
	GlobalSection(SolutionProperties) = preSolution
		HideSolutionNode = FALSE
	EndGlobalSection
	GlobalSection(ExtensibilityGlobals) = postSolution
		SolutionGuid = {ABF22BC6-59D7-48DC-B72F-963CF6661AC0}
	EndGlobalSection
EndGlobal
